
Microsoft Visual Studio Solution File, Format Version 10.00
# Visual Studio 2008
Project("{8BC9CEB8-8B4A-11D0-8D11-00A0C91BC942}") = "PrimeNumbers", "PrimeNumbers.vcproj", "{DADCEE0E-BD74-4C57-A16C-7088CDB1D99D}"
EndProject
Global
	GlobalSection(SolutionConfigurationPlatforms) = preSolution
		Debug|Win32 = Debug|Win32
		Release|Win32 = Release|Win32
	EndGlobalSection
	GlobalSection(ProjectConfigurationPlatforms) = postSolution
		{DADCEE0E-BD74-4C57-A16C-7088CDB1D99D}.Debug|Win32.ActiveCfg = Debug|Win32
		{DADCEE0E-BD74-4C57-A16C-7088CDB1D99D}.Debug|Win32.Build.0 = Debug|Win32
		{DADCEE0E-BD74-4C57-A16C-7088CDB1D99D}.Release|Win32.ActiveCfg = Release|Win32
		{DADCEE0E-BD74-4C57-A16C-7088CDB1D99D}.Release|Win32.Build.0 = Release|Win32
	EndGlobalSection
	GlobalSection(SolutionProperties) = preSolution
		HideSolutionNode = FALSE
	EndGlobalSection
EndGlobal
